
Microsoft Visual Studio Solution File, Format Version 12.00
# Visual Studio Version 17
VisualStudioVersion = 17.5.33424.131
MinimumVisualStudioVersion = 10.0.40219.1
Project("{FAE04EC0-301F-11D3-BF4B-00C04F79EFBC}") = "Ejercicio", "Ejercicio\Ejercicio.csproj", "{66B36769-4FBE-4B03-A363-6FD7416C96B5}"
EndProject
Global
	GlobalSection(SolutionConfigurationPlatforms) = preSolution
		Debug|Any CPU = Debug|Any CPU
		Release|Any CPU = Release|Any CPU
	EndGlobalSection
	GlobalSection(ProjectConfigurationPlatforms) = postSolution
		{66B36769-4FBE-4B03-A363-6FD7416C96B5}.Debug|Any CPU.ActiveCfg = Debug|Any CPU
		{66B36769-4FBE-4B03-A363-6FD7416C96B5}.Debug|Any CPU.Build.0 = Debug|Any CPU
		{66B36769-4FBE-4B03-A363-6FD7416C96B5}.Release|Any CPU.ActiveCfg = Release|Any CPU
		{66B36769-4FBE-4B03-A363-6FD7416C96B5}.Release|Any CPU.Build.0 = Release|Any CPU
	EndGlobalSection
	GlobalSection(SolutionProperties) = preSolution
		HideSolutionNode = FALSE
	EndGlobalSection
	GlobalSection(ExtensibilityGlobals) = postSolution
		SolutionGuid = {B304AE76-C9C5-43D1-A340-2D7A534E761A}
	EndGlobalSection
EndGlobal
